
Microsoft Visual Studio Solution File, Format Version 12.00
# Visual Studio Version 17
VisualStudioVersion = 17.6.33815.320
MinimumVisualStudioVersion = 10.0.40219.1
Project("{FAE04EC0-301F-11D3-BF4B-00C04F79EFBC}") = "Classes", "Classes\Classes.csproj", "{2FCB6CD0-117D-405A-BF72-FBF931CA7E62}"
EndProject
Global
	GlobalSection(SolutionConfigurationPlatforms) = preSolution
		Debug|Any CPU = Debug|Any CPU
		Release|Any CPU = Release|Any CPU
	EndGlobalSection
	GlobalSection(ProjectConfigurationPlatforms) = postSolution
		{2FCB6CD0-117D-405A-BF72-FBF931CA7E62}.Debug|Any CPU.ActiveCfg = Debug|Any CPU
		{2FCB6CD0-117D-405A-BF72-FBF931CA7E62}.Debug|Any CPU.Build.0 = Debug|Any CPU
		{2FCB6CD0-117D-405A-BF72-FBF931CA7E62}.Release|Any CPU.ActiveCfg = Release|Any CPU
		{2FCB6CD0-117D-405A-BF72-FBF931CA7E62}.Release|Any CPU.Build.0 = Release|Any CPU
	EndGlobalSection
	GlobalSection(SolutionProperties) = preSolution
		HideSolutionNode = FALSE
	EndGlobalSection
	GlobalSection(ExtensibilityGlobals) = postSolution
		SolutionGuid = {4DFAAB04-4D13-4BC2-BBCB-E03602F5A8D0}
	EndGlobalSection
EndGlobal
